
Microsoft Visual Studio Solution File, Format Version 12.00
# Visual Studio Version 17
VisualStudioVersion = 17.7.34003.232
MinimumVisualStudioVersion = 10.0.40219.1
Project("{FAE04EC0-301F-11D3-BF4B-00C04F79EFBC}") = "PhoneApp1Template.Android", "PhoneApp1Template\PhoneApp1Template.Android\PhoneApp1Template.Android.csproj", "{B28E8F81-59EB-4C8C-8508-BE7C5594DDF7}"
EndProject
Project("{FAE04EC0-301F-11D3-BF4B-00C04F79EFBC}") = "PhoneApp1Template.iOS", "PhoneApp1Template\PhoneApp1Template.iOS\PhoneApp1Template.iOS.csproj", "{634E2823-6DD0-4422-8E6D-169DA68AE8DE}"
EndProject
Project("{FAE04EC0-301F-11D3-BF4B-00C04F79EFBC}") = "PhoneApp1Template", "PhoneApp1Template\PhoneApp1Template\PhoneApp1Template.csproj", "{1B33F84A-99F6-41CB-90A2-22D88E55CBED}"
EndProject
Global
	GlobalSection(SolutionConfigurationPlatforms) = preSolution
		Debug|Any CPU = Debug|Any CPU
		Debug|iPhone = Debug|iPhone
		Debug|iPhoneSimulator = Debug|iPhoneSimulator
		Release|Any CPU = Release|Any CPU
		Release|iPhone = Release|iPhone
		Release|iPhoneSimulator = Release|iPhoneSimulator
	EndGlobalSection
	GlobalSection(ProjectConfigurationPlatforms) = postSolution
		{B28E8F81-59EB-4C8C-8508-BE7C5594DDF7}.Debug|Any CPU.ActiveCfg = Debug|Any CPU
		{B28E8F81-59EB-4C8C-8508-BE7C5594DDF7}.Debug|Any CPU.Build.0 = Debug|Any CPU
		{B28E8F81-59EB-4C8C-8508-BE7C5594DDF7}.Debug|Any CPU.Deploy.0 = Debug|Any CPU
		{B28E8F81-59EB-4C8C-8508-BE7C5594DDF7}.Debug|iPhone.ActiveCfg = Debug|Any CPU
		{B28E8F81-59EB-4C8C-8508-BE7C5594DDF7}.Debug|iPhone.Build.0 = Debug|Any CPU
		{B28E8F81-59EB-4C8C-8508-BE7C5594DDF7}.Debug|iPhone.Deploy.0 = Debug|Any CPU
		{B28E8F81-59EB-4C8C-8508-BE7C5594DDF7}.Debug|iPhoneSimulator.ActiveCfg = Debug|Any CPU
		{B28E8F81-59EB-4C8C-8508-BE7C5594DDF7}.Debug|iPhoneSimulator.Build.0 = Debug|Any CPU
		{B28E8F81-59EB-4C8C-8508-BE7C5594DDF7}.Debug|iPhoneSimulator.Deploy.0 = Debug|Any CPU
		{B28E8F81-59EB-4C8C-8508-BE7C5594DDF7}.Release|Any CPU.ActiveCfg = Release|Any CPU
		{B28E8F81-59EB-4C8C-8508-BE7C5594DDF7}.Release|Any CPU.Build.0 = Release|Any CPU
		{B28E8F81-59EB-4C8C-8508-BE7C5594DDF7}.Release|Any CPU.Deploy.0 = Release|Any CPU
		{B28E8F81-59EB-4C8C-8508-BE7C5594DDF7}.Release|iPhone.ActiveCfg = Release|Any CPU
		{B28E8F81-59EB-4C8C-8508-BE7C5594DDF7}.Release|iPhone.Build.0 = Release|Any CPU
		{B28E8F81-59EB-4C8C-8508-BE7C5594DDF7}.Release|iPhone.Deploy.0 = Release|Any CPU
		{B28E8F81-59EB-4C8C-8508-BE7C5594DDF7}.Release|iPhoneSimulator.ActiveCfg = Release|Any CPU
		{B28E8F81-59EB-4C8C-8508-BE7C5594DDF7}.Release|iPhoneSimulator.Build.0 = Release|Any CPU
		{B28E8F81-59EB-4C8C-8508-BE7C5594DDF7}.Release|iPhoneSimulator.Deploy.0 = Release|Any CPU
		{634E2823-6DD0-4422-8E6D-169DA68AE8DE}.Debug|Any CPU.ActiveCfg = Debug|iPhone
		{634E2823-6DD0-4422-8E6D-169DA68AE8DE}.Debug|Any CPU.Build.0 = Debug|iPhone
		{634E2823-6DD0-4422-8E6D-169DA68AE8DE}.Debug|Any CPU.Deploy.0 = Debug|iPhone
		{634E2823-6DD0-4422-8E6D-169DA68AE8DE}.Debug|iPhone.ActiveCfg = Debug|iPhone
		{634E2823-6DD0-4422-8E6D-169DA68AE8DE}.Debug|iPhone.Build.0 = Debug|iPhone
		{634E2823-6DD0-4422-8E6D-169DA68AE8DE}.Debug|iPhone.Deploy.0 = Debug|iPhone
		{634E2823-6DD0-4422-8E6D-169DA68AE8DE}.Debug|iPhoneSimulator.ActiveCfg = Debug|iPhoneSimulator
		{634E2823-6DD0-4422-8E6D-169DA68AE8DE}.Debug|iPhoneSimulator.Build.0 = Debug|iPhoneSimulator
		{634E2823-6DD0-4422-8E6D-169DA68AE8DE}.Debug|iPhoneSimulator.Deploy.0 = Debug|iPhoneSimulator
		{634E2823-6DD0-4422-8E6D-169DA68AE8DE}.Release|Any CPU.ActiveCfg = Release|iPhoneSimulator
		{634E2823-6DD0-4422-8E6D-169DA68AE8DE}.Release|Any CPU.Build.0 = Release|iPhoneSimulator
		{634E2823-6DD0-4422-8E6D-169DA68AE8DE}.Release|Any CPU.Deploy.0 = Release|iPhoneSimulator
		{634E2823-6DD0-4422-8E6D-169DA68AE8DE}.Release|iPhone.ActiveCfg = Release|iPhone
		{634E2823-6DD0-4422-8E6D-169DA68AE8DE}.Release|iPhone.Build.0 = Release|iPhone
		{634E2823-6DD0-4422-8E6D-169DA68AE8DE}.Release|iPhone.Deploy.0 = Release|iPhone
		{634E2823-6DD0-4422-8E6D-169DA68AE8DE}.Release|iPhoneSimulator.ActiveCfg = Release|iPhoneSimulator
		{634E2823-6DD0-4422-8E6D-169DA68AE8DE}.Release|iPhoneSimulator.Build.0 = Release|iPhoneSimulator
		{634E2823-6DD0-4422-8E6D-169DA68AE8DE}.Release|iPhoneSimulator.Deploy.0 = Release|iPhoneSimulator
		{1B33F84A-99F6-41CB-90A2-22D88E55CBED}.Debug|Any CPU.ActiveCfg = Debug|Any CPU
		{1B33F84A-99F6-41CB-90A2-22D88E55CBED}.Debug|Any CPU.Build.0 = Debug|Any CPU
		{1B33F84A-99F6-41CB-90A2-22D88E55CBED}.Debug|Any CPU.Deploy.0 = Debug|Any CPU
		{1B33F84A-99F6-41CB-90A2-22D88E55CBED}.Debug|iPhone.ActiveCfg = Debug|Any CPU
		{1B33F84A-99F6-41CB-90A2-22D88E55CBED}.Debug|iPhone.Build.0 = Debug|Any CPU
		{1B33F84A-99F6-41CB-90A2-22D88E55CBED}.Debug|iPhone.Deploy.0 = Debug|Any CPU
		{1B33F84A-99F6-41CB-90A2-22D88E55CBED}.Debug|iPhoneSimulator.ActiveCfg = Debug|Any CPU
		{1B33F84A-99F6-41CB-90A2-22D88E55CBED}.Debug|iPhoneSimulator.Build.0 = Debug|Any CPU
		{1B33F84A-99F6-41CB-90A2-22D88E55CBED}.Debug|iPhoneSimulator.Deploy.0 = Debug|Any CPU
		{1B33F84A-99F6-41CB-90A2-22D88E55CBED}.Release|Any CPU.ActiveCfg = Release|Any CPU
		{1B33F84A-99F6-41CB-90A2-22D88E55CBED}.Release|Any CPU.Build.0 = Release|Any CPU
		{1B33F84A-99F6-41CB-90A2-22D88E55CBED}.Release|Any CPU.Deploy.0 = Release|Any CPU
		{1B33F84A-99F6-41CB-90A2-22D88E55CBED}.Release|iPhone.ActiveCfg = Release|Any CPU
		{1B33F84A-99F6-41CB-90A2-22D88E55CBED}.Release|iPhone.Build.0 = Release|Any CPU
		{1B33F84A-99F6-41CB-90A2-22D88E55CBED}.Release|iPhone.Deploy.0 = Release|Any CPU
		{1B33F84A-99F6-41CB-90A2-22D88E55CBED}.Release|iPhoneSimulator.ActiveCfg = Release|Any CPU
		{1B33F84A-99F6-41CB-90A2-22D88E55CBED}.Release|iPhoneSimulator.Build.0 = Release|Any CPU
		{1B33F84A-99F6-41CB-90A2-22D88E55CBED}.Release|iPhoneSimulator.Deploy.0 = Release|Any CPU
	EndGlobalSection
	GlobalSection(SolutionProperties) = preSolution
		HideSolutionNode = FALSE
	EndGlobalSection
	GlobalSection(ExtensibilityGlobals) = postSolution
		SolutionGuid = {E1C2A25C-80E5-4296-A4B9-26998EC7A0F4}
	EndGlobalSection
EndGlobal
