
Microsoft Visual Studio Solution File, Format Version 12.00
# Visual Studio Version 17
VisualStudioVersion = 17.6.33829.357
MinimumVisualStudioVersion = 10.0.40219.1
Project("{FAE04EC0-301F-11D3-BF4B-00C04F79EFBC}") = "WebApp5Identity", "WebApp5Identity\WebApp5Identity.csproj", "{5DAC4EBF-5E96-4556-B971-F679647DDE2B}"
EndProject
Global
	GlobalSection(SolutionConfigurationPlatforms) = preSolution
		Debug|Any CPU = Debug|Any CPU
		Release|Any CPU = Release|Any CPU
	EndGlobalSection
	GlobalSection(ProjectConfigurationPlatforms) = postSolution
		{5DAC4EBF-5E96-4556-B971-F679647DDE2B}.Debug|Any CPU.ActiveCfg = Debug|Any CPU
		{5DAC4EBF-5E96-4556-B971-F679647DDE2B}.Debug|Any CPU.Build.0 = Debug|Any CPU
		{5DAC4EBF-5E96-4556-B971-F679647DDE2B}.Release|Any CPU.ActiveCfg = Release|Any CPU
		{5DAC4EBF-5E96-4556-B971-F679647DDE2B}.Release|Any CPU.Build.0 = Release|Any CPU
	EndGlobalSection
	GlobalSection(SolutionProperties) = preSolution
		HideSolutionNode = FALSE
	EndGlobalSection
	GlobalSection(ExtensibilityGlobals) = postSolution
		SolutionGuid = {7BBBE5A2-EAEE-4056-AA07-1F35D41C9192}
	EndGlobalSection
EndGlobal
