
Microsoft Visual Studio Solution File, Format Version 12.00
# Visual Studio Version 17
VisualStudioVersion = 17.6.33829.357
MinimumVisualStudioVersion = 10.0.40219.1
Project("{FAE04EC0-301F-11D3-BF4B-00C04F79EFBC}") = "MvcUnit", "MvcUnit\MvcUnit.csproj", "{F7D490D4-A745-4E82-82A2-01CF2A1BC5E4}"
EndProject
Global
	GlobalSection(SolutionConfigurationPlatforms) = preSolution
		Debug|Any CPU = Debug|Any CPU
		Release|Any CPU = Release|Any CPU
	EndGlobalSection
	GlobalSection(ProjectConfigurationPlatforms) = postSolution
		{F7D490D4-A745-4E82-82A2-01CF2A1BC5E4}.Debug|Any CPU.ActiveCfg = Debug|Any CPU
		{F7D490D4-A745-4E82-82A2-01CF2A1BC5E4}.Debug|Any CPU.Build.0 = Debug|Any CPU
		{F7D490D4-A745-4E82-82A2-01CF2A1BC5E4}.Release|Any CPU.ActiveCfg = Release|Any CPU
		{F7D490D4-A745-4E82-82A2-01CF2A1BC5E4}.Release|Any CPU.Build.0 = Release|Any CPU
	EndGlobalSection
	GlobalSection(SolutionProperties) = preSolution
		HideSolutionNode = FALSE
	EndGlobalSection
	GlobalSection(ExtensibilityGlobals) = postSolution
		SolutionGuid = {39921FE0-C0F7-45E1-9A22-75145A87BF59}
	EndGlobalSection
EndGlobal
