
Microsoft Visual Studio Solution File, Format Version 12.00
# Visual Studio Version 17
VisualStudioVersion = 17.6.33829.357
MinimumVisualStudioVersion = 10.0.40219.1
Project("{FAE04EC0-301F-11D3-BF4B-00C04F79EFBC}") = "template_ASPNET_WEB_APP", "template_ASPNET_WEB_APP\template_ASPNET_WEB_APP.csproj", "{78CB776A-6333-4853-8A1E-F39FF6946E1E}"
EndProject
Global
	GlobalSection(SolutionConfigurationPlatforms) = preSolution
		Debug|Any CPU = Debug|Any CPU
		Release|Any CPU = Release|Any CPU
	EndGlobalSection
	GlobalSection(ProjectConfigurationPlatforms) = postSolution
		{78CB776A-6333-4853-8A1E-F39FF6946E1E}.Debug|Any CPU.ActiveCfg = Debug|Any CPU
		{78CB776A-6333-4853-8A1E-F39FF6946E1E}.Debug|Any CPU.Build.0 = Debug|Any CPU
		{78CB776A-6333-4853-8A1E-F39FF6946E1E}.Release|Any CPU.ActiveCfg = Release|Any CPU
		{78CB776A-6333-4853-8A1E-F39FF6946E1E}.Release|Any CPU.Build.0 = Release|Any CPU
	EndGlobalSection
	GlobalSection(SolutionProperties) = preSolution
		HideSolutionNode = FALSE
	EndGlobalSection
	GlobalSection(ExtensibilityGlobals) = postSolution
		SolutionGuid = {1F07FF9D-A409-4C21-8955-E5117A521509}
	EndGlobalSection
EndGlobal
