
Microsoft Visual Studio Solution File, Format Version 12.00
# Visual Studio Version 17
VisualStudioVersion = 17.6.33829.357
MinimumVisualStudioVersion = 10.0.40219.1
Project("{FAE04EC0-301F-11D3-BF4B-00C04F79EFBC}") = "WebApp6UnitTestsandIdentity", "WebApp6UnitTestsandIdentity\WebApp6UnitTestsandIdentity.csproj", "{80C76A83-6294-42F5-ABEF-9B9FBF750C8E}"
EndProject
Project("{FAE04EC0-301F-11D3-BF4B-00C04F79EFBC}") = "WebApp6UnitTestsandIdentity.Tests", "WebApp6UnitTestsandIdentity.Tests\WebApp6UnitTestsandIdentity.Tests.csproj", "{F250BB72-BD75-4050-B354-047A7929A872}"
EndProject
Global
	GlobalSection(SolutionConfigurationPlatforms) = preSolution
		Debug|Any CPU = Debug|Any CPU
		Release|Any CPU = Release|Any CPU
	EndGlobalSection
	GlobalSection(ProjectConfigurationPlatforms) = postSolution
		{80C76A83-6294-42F5-ABEF-9B9FBF750C8E}.Debug|Any CPU.ActiveCfg = Debug|Any CPU
		{80C76A83-6294-42F5-ABEF-9B9FBF750C8E}.Debug|Any CPU.Build.0 = Debug|Any CPU
		{80C76A83-6294-42F5-ABEF-9B9FBF750C8E}.Release|Any CPU.ActiveCfg = Release|Any CPU
		{80C76A83-6294-42F5-ABEF-9B9FBF750C8E}.Release|Any CPU.Build.0 = Release|Any CPU
		{F250BB72-BD75-4050-B354-047A7929A872}.Debug|Any CPU.ActiveCfg = Debug|Any CPU
		{F250BB72-BD75-4050-B354-047A7929A872}.Debug|Any CPU.Build.0 = Debug|Any CPU
		{F250BB72-BD75-4050-B354-047A7929A872}.Release|Any CPU.ActiveCfg = Release|Any CPU
		{F250BB72-BD75-4050-B354-047A7929A872}.Release|Any CPU.Build.0 = Release|Any CPU
	EndGlobalSection
	GlobalSection(SolutionProperties) = preSolution
		HideSolutionNode = FALSE
	EndGlobalSection
	GlobalSection(ExtensibilityGlobals) = postSolution
		SolutionGuid = {D37AFCE4-477A-4922-85F3-6C5EFCD9F5CE}
	EndGlobalSection
EndGlobal
