
Microsoft Visual Studio Solution File, Format Version 12.00
# Visual Studio Version 17
VisualStudioVersion = 17.6.33829.357
MinimumVisualStudioVersion = 10.0.40219.1
Project("{54A90642-561A-4BB1-A94E-469ADEE60C69}") = "reactapp", "reactapp\reactapp.esproj", "{43410C6E-8536-4D34-84B1-6559E905029C}"
EndProject
Project("{9A19103F-16F7-4668-BE54-9A1E7A4F7556}") = "webapi", "webapi\webapi.csproj", "{BCB0645F-2546-4701-9CC8-01EBDA139A4A}"
EndProject
Global
	GlobalSection(SolutionConfigurationPlatforms) = preSolution
		Debug|Any CPU = Debug|Any CPU
		Release|Any CPU = Release|Any CPU
	EndGlobalSection
	GlobalSection(ProjectConfigurationPlatforms) = postSolution
		{43410C6E-8536-4D34-84B1-6559E905029C}.Debug|Any CPU.ActiveCfg = Debug|Any CPU
		{43410C6E-8536-4D34-84B1-6559E905029C}.Debug|Any CPU.Build.0 = Debug|Any CPU
		{43410C6E-8536-4D34-84B1-6559E905029C}.Debug|Any CPU.Deploy.0 = Debug|Any CPU
		{43410C6E-8536-4D34-84B1-6559E905029C}.Release|Any CPU.ActiveCfg = Release|Any CPU
		{43410C6E-8536-4D34-84B1-6559E905029C}.Release|Any CPU.Build.0 = Release|Any CPU
		{43410C6E-8536-4D34-84B1-6559E905029C}.Release|Any CPU.Deploy.0 = Release|Any CPU
		{BCB0645F-2546-4701-9CC8-01EBDA139A4A}.Debug|Any CPU.ActiveCfg = Debug|Any CPU
		{BCB0645F-2546-4701-9CC8-01EBDA139A4A}.Debug|Any CPU.Build.0 = Debug|Any CPU
		{BCB0645F-2546-4701-9CC8-01EBDA139A4A}.Release|Any CPU.ActiveCfg = Release|Any CPU
		{BCB0645F-2546-4701-9CC8-01EBDA139A4A}.Release|Any CPU.Build.0 = Release|Any CPU
	EndGlobalSection
	GlobalSection(SolutionProperties) = preSolution
		HideSolutionNode = FALSE
	EndGlobalSection
	GlobalSection(ExtensibilityGlobals) = postSolution
		SolutionGuid = {A83666F9-79F1-4090-AABA-53C5DE5BB398}
	EndGlobalSection
EndGlobal
