
Microsoft Visual Studio Solution File, Format Version 12.00
# Visual Studio Version 17
VisualStudioVersion = 17.6.33829.357
MinimumVisualStudioVersion = 10.0.40219.1
Project("{9092AA53-FB77-4645-B42D-1CCCA6BD08BD}") = "JSNodeExpressApp1", "JSNodeExpressApp1\JSNodeExpressApp1.njsproj", "{17C9BF7E-980D-4129-BFE1-4F041797909C}"
EndProject
Global
	GlobalSection(SolutionConfigurationPlatforms) = preSolution
		Debug|Any CPU = Debug|Any CPU
		Release|Any CPU = Release|Any CPU
	EndGlobalSection
	GlobalSection(ProjectConfigurationPlatforms) = postSolution
		{17C9BF7E-980D-4129-BFE1-4F041797909C}.Debug|Any CPU.ActiveCfg = Debug|Any CPU
		{17C9BF7E-980D-4129-BFE1-4F041797909C}.Debug|Any CPU.Build.0 = Debug|Any CPU
		{17C9BF7E-980D-4129-BFE1-4F041797909C}.Release|Any CPU.ActiveCfg = Release|Any CPU
		{17C9BF7E-980D-4129-BFE1-4F041797909C}.Release|Any CPU.Build.0 = Release|Any CPU
	EndGlobalSection
	GlobalSection(SolutionProperties) = preSolution
		HideSolutionNode = FALSE
	EndGlobalSection
	GlobalSection(ExtensibilityGlobals) = postSolution
		SolutionGuid = {215B274A-367C-490A-8D10-9E110283ABB6}
	EndGlobalSection
EndGlobal
