
Microsoft Visual Studio Solution File, Format Version 12.00
# Visual Studio Version 17
VisualStudioVersion = 17.6.33829.357
MinimumVisualStudioVersion = 10.0.40219.1
Project("{9092AA53-FB77-4645-B42D-1CCCA6BD08BD}") = "NodejsWebApp1", "NodejsWebApp1\NodejsWebApp1.njsproj", "{B9F3BE26-D34B-4F0A-A565-8E5B5C589D0F}"
EndProject
Global
	GlobalSection(SolutionConfigurationPlatforms) = preSolution
		Debug|Any CPU = Debug|Any CPU
		Release|Any CPU = Release|Any CPU
	EndGlobalSection
	GlobalSection(ProjectConfigurationPlatforms) = postSolution
		{B9F3BE26-D34B-4F0A-A565-8E5B5C589D0F}.Debug|Any CPU.ActiveCfg = Debug|Any CPU
		{B9F3BE26-D34B-4F0A-A565-8E5B5C589D0F}.Debug|Any CPU.Build.0 = Debug|Any CPU
		{B9F3BE26-D34B-4F0A-A565-8E5B5C589D0F}.Release|Any CPU.ActiveCfg = Release|Any CPU
		{B9F3BE26-D34B-4F0A-A565-8E5B5C589D0F}.Release|Any CPU.Build.0 = Release|Any CPU
	EndGlobalSection
	GlobalSection(SolutionProperties) = preSolution
		HideSolutionNode = FALSE
	EndGlobalSection
	GlobalSection(ExtensibilityGlobals) = postSolution
		SolutionGuid = {DB303A31-2A2D-42F3-A001-52F196FA81B5}
	EndGlobalSection
EndGlobal
