
Microsoft Visual Studio Solution File, Format Version 12.00
# Visual Studio Version 17
VisualStudioVersion = 17.6.33829.357
MinimumVisualStudioVersion = 10.0.40219.1
Project("{FAE04EC0-301F-11D3-BF4B-00C04F79EFBC}") = "FileUpload", "FileUpload\FileUpload.csproj", "{2762BBA1-0D3D-4D09-9C60-3F1E2ADEC00A}"
EndProject
Global
	GlobalSection(SolutionConfigurationPlatforms) = preSolution
		Debug|Any CPU = Debug|Any CPU
		Release|Any CPU = Release|Any CPU
	EndGlobalSection
	GlobalSection(ProjectConfigurationPlatforms) = postSolution
		{2762BBA1-0D3D-4D09-9C60-3F1E2ADEC00A}.Debug|Any CPU.ActiveCfg = Debug|Any CPU
		{2762BBA1-0D3D-4D09-9C60-3F1E2ADEC00A}.Debug|Any CPU.Build.0 = Debug|Any CPU
		{2762BBA1-0D3D-4D09-9C60-3F1E2ADEC00A}.Release|Any CPU.ActiveCfg = Release|Any CPU
		{2762BBA1-0D3D-4D09-9C60-3F1E2ADEC00A}.Release|Any CPU.Build.0 = Release|Any CPU
	EndGlobalSection
	GlobalSection(SolutionProperties) = preSolution
		HideSolutionNode = FALSE
	EndGlobalSection
	GlobalSection(ExtensibilityGlobals) = postSolution
		SolutionGuid = {64044F29-6115-40A7-BD7F-6406EC19B451}
	EndGlobalSection
EndGlobal
