
Microsoft Visual Studio Solution File, Format Version 12.00
# Visual Studio Version 17
VisualStudioVersion = 17.6.33815.320
MinimumVisualStudioVersion = 10.0.40219.1
Project("{FAE04EC0-301F-11D3-BF4B-00C04F79EFBC}") = "WebApplication2", "WebApplication2\WebApplication2.csproj", "{510E69CF-A9C7-42D9-B2DE-5CCA82592A22}"
EndProject
Global
	GlobalSection(SolutionConfigurationPlatforms) = preSolution
		Debug|Any CPU = Debug|Any CPU
		Release|Any CPU = Release|Any CPU
	EndGlobalSection
	GlobalSection(ProjectConfigurationPlatforms) = postSolution
		{510E69CF-A9C7-42D9-B2DE-5CCA82592A22}.Debug|Any CPU.ActiveCfg = Debug|Any CPU
		{510E69CF-A9C7-42D9-B2DE-5CCA82592A22}.Debug|Any CPU.Build.0 = Debug|Any CPU
		{510E69CF-A9C7-42D9-B2DE-5CCA82592A22}.Release|Any CPU.ActiveCfg = Release|Any CPU
		{510E69CF-A9C7-42D9-B2DE-5CCA82592A22}.Release|Any CPU.Build.0 = Release|Any CPU
	EndGlobalSection
	GlobalSection(SolutionProperties) = preSolution
		HideSolutionNode = FALSE
	EndGlobalSection
	GlobalSection(ExtensibilityGlobals) = postSolution
		SolutionGuid = {3615F05D-410D-4F6B-94FE-0AD82C554FCE}
	EndGlobalSection
EndGlobal
