
Microsoft Visual Studio Solution File, Format Version 12.00
# Visual Studio Version 17
VisualStudioVersion = 17.6.33829.357
MinimumVisualStudioVersion = 10.0.40219.1
Project("{FAE04EC0-301F-11D3-BF4B-00C04F79EFBC}") = "ConsoleApp1OCRTesseract", "ConsoleApp1OCRTesseract\ConsoleApp1OCRTesseract.csproj", "{58AB7EE7-1C05-4C52-995A-03EF64F022F3}"
EndProject
Global
	GlobalSection(SolutionConfigurationPlatforms) = preSolution
		Debug|Any CPU = Debug|Any CPU
		Release|Any CPU = Release|Any CPU
	EndGlobalSection
	GlobalSection(ProjectConfigurationPlatforms) = postSolution
		{58AB7EE7-1C05-4C52-995A-03EF64F022F3}.Debug|Any CPU.ActiveCfg = Debug|Any CPU
		{58AB7EE7-1C05-4C52-995A-03EF64F022F3}.Debug|Any CPU.Build.0 = Debug|Any CPU
		{58AB7EE7-1C05-4C52-995A-03EF64F022F3}.Release|Any CPU.ActiveCfg = Release|Any CPU
		{58AB7EE7-1C05-4C52-995A-03EF64F022F3}.Release|Any CPU.Build.0 = Release|Any CPU
	EndGlobalSection
	GlobalSection(SolutionProperties) = preSolution
		HideSolutionNode = FALSE
	EndGlobalSection
	GlobalSection(ExtensibilityGlobals) = postSolution
		SolutionGuid = {B358E27E-A57B-451D-B22E-5133268F8F7E}
	EndGlobalSection
EndGlobal
