
Microsoft Visual Studio Solution File, Format Version 12.00
# Visual Studio Version 17
VisualStudioVersion = 17.7.34024.191
MinimumVisualStudioVersion = 10.0.40219.1
Project("{FAE04EC0-301F-11D3-BF4B-00C04F79EFBC}") = "Project1AngularJS", "Project1AngularJS\Project1AngularJS.csproj", "{736A58F3-66B7-4F35-AE15-7AFCB8338D4C}"
EndProject
Global
	GlobalSection(SolutionConfigurationPlatforms) = preSolution
		Debug|Any CPU = Debug|Any CPU
		Release|Any CPU = Release|Any CPU
	EndGlobalSection
	GlobalSection(ProjectConfigurationPlatforms) = postSolution
		{736A58F3-66B7-4F35-AE15-7AFCB8338D4C}.Debug|Any CPU.ActiveCfg = Debug|Any CPU
		{736A58F3-66B7-4F35-AE15-7AFCB8338D4C}.Debug|Any CPU.Build.0 = Debug|Any CPU
		{736A58F3-66B7-4F35-AE15-7AFCB8338D4C}.Release|Any CPU.ActiveCfg = Release|Any CPU
		{736A58F3-66B7-4F35-AE15-7AFCB8338D4C}.Release|Any CPU.Build.0 = Release|Any CPU
	EndGlobalSection
	GlobalSection(SolutionProperties) = preSolution
		HideSolutionNode = FALSE
	EndGlobalSection
	GlobalSection(ExtensibilityGlobals) = postSolution
		SolutionGuid = {8B34FE15-BDCD-4393-B4AF-5AFF5E468C0E}
	EndGlobalSection
EndGlobal
