
Microsoft Visual Studio Solution File, Format Version 12.00
# Visual Studio Version 17
VisualStudioVersion = 17.6.33829.357
MinimumVisualStudioVersion = 10.0.40219.1
Project("{FAE04EC0-301F-11D3-BF4B-00C04F79EFBC}") = "WebApp5CoreWebAPI", "WebApp5CoreWebAPI\WebApp5CoreWebAPI.csproj", "{2E9076F8-0FDE-42D2-BA50-C5CE76C86694}"
EndProject
Global
	GlobalSection(SolutionConfigurationPlatforms) = preSolution
		Debug|Any CPU = Debug|Any CPU
		Release|Any CPU = Release|Any CPU
	EndGlobalSection
	GlobalSection(ProjectConfigurationPlatforms) = postSolution
		{2E9076F8-0FDE-42D2-BA50-C5CE76C86694}.Debug|Any CPU.ActiveCfg = Debug|Any CPU
		{2E9076F8-0FDE-42D2-BA50-C5CE76C86694}.Debug|Any CPU.Build.0 = Debug|Any CPU
		{2E9076F8-0FDE-42D2-BA50-C5CE76C86694}.Release|Any CPU.ActiveCfg = Release|Any CPU
		{2E9076F8-0FDE-42D2-BA50-C5CE76C86694}.Release|Any CPU.Build.0 = Release|Any CPU
	EndGlobalSection
	GlobalSection(SolutionProperties) = preSolution
		HideSolutionNode = FALSE
	EndGlobalSection
	GlobalSection(ExtensibilityGlobals) = postSolution
		SolutionGuid = {E25B7145-53B7-41D6-92C6-70616D5838CF}
	EndGlobalSection
EndGlobal
