
Microsoft Visual Studio Solution File, Format Version 12.00
# Visual Studio Version 17
VisualStudioVersion = 17.6.33829.357
MinimumVisualStudioVersion = 10.0.40219.1
Project("{FAE04EC0-301F-11D3-BF4B-00C04F79EFBC}") = "OCRwithTesseract", "OCRwithTesseract\OCRwithTesseract.csproj", "{791C6C87-F825-40D4-8A19-CF2F79D0813A}"
EndProject
Global
	GlobalSection(SolutionConfigurationPlatforms) = preSolution
		Debug|Any CPU = Debug|Any CPU
		Release|Any CPU = Release|Any CPU
	EndGlobalSection
	GlobalSection(ProjectConfigurationPlatforms) = postSolution
		{791C6C87-F825-40D4-8A19-CF2F79D0813A}.Debug|Any CPU.ActiveCfg = Debug|Any CPU
		{791C6C87-F825-40D4-8A19-CF2F79D0813A}.Debug|Any CPU.Build.0 = Debug|Any CPU
		{791C6C87-F825-40D4-8A19-CF2F79D0813A}.Release|Any CPU.ActiveCfg = Release|Any CPU
		{791C6C87-F825-40D4-8A19-CF2F79D0813A}.Release|Any CPU.Build.0 = Release|Any CPU
	EndGlobalSection
	GlobalSection(SolutionProperties) = preSolution
		HideSolutionNode = FALSE
	EndGlobalSection
	GlobalSection(ExtensibilityGlobals) = postSolution
		SolutionGuid = {1D523461-BDA8-4C7E-828E-D8A8695EC183}
	EndGlobalSection
EndGlobal
